
Microsoft Visual Studio Solution File, Format Version 12.00
# Visual Studio 14
VisualStudioVersion = 14.0.24720.0
MinimumVisualStudioVersion = 10.0.40219.1
Project("{FAE04EC0-301F-11D3-BF4B-00C04F79EFBC}") = "GetPerfCountForNagios", "GetPerfCountForNagios\GetPerfCountForNagios.csproj", "{F5936BDF-66B9-406E-A600-7A6633F21CF0}"
EndProject
Project("{FAE04EC0-301F-11D3-BF4B-00C04F79EFBC}") = "GetPerfCountForNagios.Test", "GetPerfCountForNagios.Test\GetPerfCountForNagios.Test.csproj", "{190AC4F6-8C07-4715-A30A-68BEDAD44AF2}"
EndProject
Global
	GlobalSection(SolutionConfigurationPlatforms) = preSolution
		Debug|Any CPU = Debug|Any CPU
		Release|Any CPU = Release|Any CPU
	EndGlobalSection
	GlobalSection(ProjectConfigurationPlatforms) = postSolution
		{F5936BDF-66B9-406E-A600-7A6633F21CF0}.Debug|Any CPU.ActiveCfg = Debug|Any CPU
		{F5936BDF-66B9-406E-A600-7A6633F21CF0}.Debug|Any CPU.Build.0 = Debug|Any CPU
		{F5936BDF-66B9-406E-A600-7A6633F21CF0}.Release|Any CPU.ActiveCfg = Release|Any CPU
		{F5936BDF-66B9-406E-A600-7A6633F21CF0}.Release|Any CPU.Build.0 = Release|Any CPU
		{190AC4F6-8C07-4715-A30A-68BEDAD44AF2}.Debug|Any CPU.ActiveCfg = Debug|Any CPU
		{190AC4F6-8C07-4715-A30A-68BEDAD44AF2}.Debug|Any CPU.Build.0 = Debug|Any CPU
		{190AC4F6-8C07-4715-A30A-68BEDAD44AF2}.Release|Any CPU.ActiveCfg = Release|Any CPU
		{190AC4F6-8C07-4715-A30A-68BEDAD44AF2}.Release|Any CPU.Build.0 = Release|Any CPU
	EndGlobalSection
	GlobalSection(SolutionProperties) = preSolution
		HideSolutionNode = FALSE
	EndGlobalSection
EndGlobal
